
Microsoft Visual Studio Solution File, Format Version 12.00
# Visual Studio Version 16
VisualStudioVersion = 16.0.30717.126
MinimumVisualStudioVersion = 10.0.40219.1
Project("{FAE04EC0-301F-11D3-BF4B-00C04F79EFBC}") = "PeresLib", "PeresLib.csproj", "{D529DF2E-D599-4AA9-AE72-1E25C83300E2}"
EndProject
Project("{FAE04EC0-301F-11D3-BF4B-00C04F79EFBC}") = "Exemplo", "Exemplo\Exemplo.csproj", "{F8DB6C17-2204-461F-B8DD-A5E565A178A5}"
EndProject
Global
	GlobalSection(SolutionConfigurationPlatforms) = preSolution
		Debug|Any CPU = Debug|Any CPU
		Release|Any CPU = Release|Any CPU
	EndGlobalSection
	GlobalSection(ProjectConfigurationPlatforms) = postSolution
		{D529DF2E-D599-4AA9-AE72-1E25C83300E2}.Debug|Any CPU.ActiveCfg = Debug|Any CPU
		{D529DF2E-D599-4AA9-AE72-1E25C83300E2}.Debug|Any CPU.Build.0 = Debug|Any CPU
		{D529DF2E-D599-4AA9-AE72-1E25C83300E2}.Release|Any CPU.ActiveCfg = Release|Any CPU
		{D529DF2E-D599-4AA9-AE72-1E25C83300E2}.Release|Any CPU.Build.0 = Release|Any CPU
		{F8DB6C17-2204-461F-B8DD-A5E565A178A5}.Debug|Any CPU.ActiveCfg = Debug|Any CPU
		{F8DB6C17-2204-461F-B8DD-A5E565A178A5}.Debug|Any CPU.Build.0 = Debug|Any CPU
		{F8DB6C17-2204-461F-B8DD-A5E565A178A5}.Release|Any CPU.ActiveCfg = Release|Any CPU
		{F8DB6C17-2204-461F-B8DD-A5E565A178A5}.Release|Any CPU.Build.0 = Release|Any CPU
	EndGlobalSection
	GlobalSection(SolutionProperties) = preSolution
		HideSolutionNode = FALSE
	EndGlobalSection
	GlobalSection(ExtensibilityGlobals) = postSolution
		SolutionGuid = {D9C1D483-9D84-491E-8CC0-9340D1556B7F}
	EndGlobalSection
EndGlobal
